
Microsoft Visual Studio Solution File, Format Version 12.00
# Visual Studio Version 17
VisualStudioVersion = 17.4.33205.214
MinimumVisualStudioVersion = 10.0.40219.1
Project("{FAE04EC0-301F-11D3-BF4B-00C04F79EFBC}") = "soap-ws-dotnet-csharp-app-windows-forms-client", "soap-ws-dotnet-csharp-app-windows-forms-client\soap-ws-dotnet-csharp-app-windows-forms-client.csproj", "{A65A90E8-CE4B-412E-8B6A-5C1903F56F50}"
EndProject
Global
	GlobalSection(SolutionConfigurationPlatforms) = preSolution
		Debug|Any CPU = Debug|Any CPU
		Release|Any CPU = Release|Any CPU
	EndGlobalSection
	GlobalSection(ProjectConfigurationPlatforms) = postSolution
		{A65A90E8-CE4B-412E-8B6A-5C1903F56F50}.Debug|Any CPU.ActiveCfg = Debug|Any CPU
		{A65A90E8-CE4B-412E-8B6A-5C1903F56F50}.Debug|Any CPU.Build.0 = Debug|Any CPU
		{A65A90E8-CE4B-412E-8B6A-5C1903F56F50}.Release|Any CPU.ActiveCfg = Release|Any CPU
		{A65A90E8-CE4B-412E-8B6A-5C1903F56F50}.Release|Any CPU.Build.0 = Release|Any CPU
	EndGlobalSection
	GlobalSection(SolutionProperties) = preSolution
		HideSolutionNode = FALSE
	EndGlobalSection
	GlobalSection(ExtensibilityGlobals) = postSolution
		SolutionGuid = {9E68BC61-A816-41D5-82FB-E307EBB928C7}
	EndGlobalSection
EndGlobal
