
Microsoft Visual Studio Solution File, Format Version 12.00
# Visual Studio Version 17
VisualStudioVersion = 17.4.33205.214
MinimumVisualStudioVersion = 10.0.40219.1
Project("{FAE04EC0-301F-11D3-BF4B-00C04F79EFBC}") = "soap-ws-dotnet-csharp-console-app-client", "soap-ws-dotnet-csharp-console-app-client\soap-ws-dotnet-csharp-console-app-client.csproj", "{03BEFD0C-F5E7-408A-AE0F-B3786A7F0B80}"
EndProject
Global
	GlobalSection(SolutionConfigurationPlatforms) = preSolution
		Debug|Any CPU = Debug|Any CPU
		Release|Any CPU = Release|Any CPU
	EndGlobalSection
	GlobalSection(ProjectConfigurationPlatforms) = postSolution
		{03BEFD0C-F5E7-408A-AE0F-B3786A7F0B80}.Debug|Any CPU.ActiveCfg = Debug|Any CPU
		{03BEFD0C-F5E7-408A-AE0F-B3786A7F0B80}.Debug|Any CPU.Build.0 = Debug|Any CPU
		{03BEFD0C-F5E7-408A-AE0F-B3786A7F0B80}.Release|Any CPU.ActiveCfg = Release|Any CPU
		{03BEFD0C-F5E7-408A-AE0F-B3786A7F0B80}.Release|Any CPU.Build.0 = Release|Any CPU
	EndGlobalSection
	GlobalSection(SolutionProperties) = preSolution
		HideSolutionNode = FALSE
	EndGlobalSection
	GlobalSection(ExtensibilityGlobals) = postSolution
		SolutionGuid = {C649D70B-546C-48B0-8306-BC189B2F09C6}
	EndGlobalSection
EndGlobal
